// !$*UTF8*$!
{
	archiveVersion = 1;
	classes = {
	};
	objectVersion = 46;
	objects = {

/* Begin PBXBuildFile section */
		1AB5FBCF1A9C360A000224BB /* AppDelegate.swift in Sources */ = {isa = PBXBuildFile; fileRef = 1AB5FBCE1A9C360A000224BB /* AppDelegate.swift */; };
		1AB5FBD11A9C360A000224BB /* ViewController.swift in Sources */ = {isa = PBXBuildFile; fileRef = 1AB5FBD01A9C360A000224BB /* ViewController.swift */; };
		1AB5FBD41A9C360A000224BB /* Main.storyboard in Resources */ = {isa = PBXBuildFile; fileRef = 1AB5FBD21A9C360A000224BB /* Main.storyboard */; };
		1AB5FBD61A9C360A000224BB /* Images.xcassets in Resources */ = {isa = PBXBuildFile; fileRef = 1AB5FBD51A9C360A000224BB /* Images.xcassets */; };
		1AB5FBD91A9C360A000224BB /* LaunchScreen.xib in Resources */ = {isa = PBXBuildFile; fileRef = 1AB5FBD71A9C360A000224BB /* LaunchScreen.xib */; };
		1AB5FBE51A9C360A000224BB /* WhiteboardTests.swift in Sources */ = {isa = PBXBuildFile; fileRef = 1AB5FBE41A9C360A000224BB /* WhiteboardTests.swift */; };
/* End PBXBuildFile section */

/* Begin PBXContainerItemProxy section */
		1AB5FBDF1A9C360A000224BB /* PBXContainerItemProxy */ = {
			isa = PBXContainerItemProxy;
			containerPortal = 1AB5FBC11A9C360A000224BB /* Project object */;
			proxyType = 1;
			remoteGlobalIDString = 1AB5FBC81A9C360A000224BB;
			remoteInfo = Whiteboard;
		};
/* End PBXContainerItemProxy section */

/* Begin PBXFileReference section */
		1AB5FBC91A9C360A000224BB /* Whiteboard.app */ = {isa = PBXFileReference; explicitFileType = wrapper.application; includeInIndex = 0; path = Whiteboard.app; sourceTree = BUILT_PRODUCTS_DIR; };
		1AB5FBCD1A9C360A000224BB /* Info.plist */ = {isa = PBXFileReference; lastKnownFileType = text.plist.xml; path = Info.plist; sourceTree = "<group>"; };
		1AB5FBCE1A9C360A000224BB /* AppDelegate.swift */ = {isa = PBXFileReference; lastKnownFileType = sourcecode.swift; path = AppDelegate.swift; sourceTree = "<group>"; };
		1AB5FBD01A9C360A000224BB /* ViewController.swift */ = {isa = PBXFileReference; lastKnownFileType = sourcecode.swift; path = ViewController.swift; sourceTree = "<group>"; };
		1AB5FBD31A9C360A000224BB /* Base */ = {isa = PBXFileReference; lastKnownFileType = file.storyboard; name = Base; path = Base.lproj/Main.storyboard; sourceTree = "<group>"; };
		1AB5FBD51A9C360A000224BB /* Images.xcassets */ = {isa = PBXFileReference; lastKnownFileType = folder.assetcatalog; path = Images.xcassets; sourceTree = "<group>"; };
		1AB5FBD81A9C360A000224BB /* Base */ = {isa = PBXFileReference; lastKnownFileType = file.xib; name = Base; path = Base.lproj/LaunchScreen.xib; sourceTree = "<group>"; };
		1AB5FBDE1A9C360A000224BB /* WhiteboardTests.xctest */ = {isa = PBXFileReference; explicitFileType = wrapper.cfbundle; includeInIndex = 0; path = WhiteboardTests.xctest; sourceTree = BUILT_PRODUCTS_DIR; };
		1AB5FBE31A9C360A000224BB /* Info.plist */ = {isa = PBXFileReference; lastKnownFileType = text.plist.xml; path = Info.plist; sourceTree = "<group>"; };
		1AB5FBE41A9C360A000224BB /* WhiteboardTests.swift */ = {isa = PBXFileReference; lastKnownFileType = sourcecode.swift; path = WhiteboardTests.swift; sourceTree = "<group>"; };
/* End PBXFileReference section */

/* Begin PBXFrameworksBuildPhase section */
		1AB5FBC61A9C360A000224BB /* Frameworks */ = {
			isa = PBXFrameworksBuildPhase;
			buildActionMask = 2147483647;
			files = (
			);
			runOnlyForDeploymentPostprocessing = 0;
		};
		1AB5FBDB1A9C360A000224BB /* Frameworks */ = {
			isa = PBXFrameworksBuildPhase;
			buildActionMask = 2147483647;
			files = (
			);
			runOnlyForDeploymentPostprocessing = 0;
		};
/* End PBXFrameworksBuildPhase section */

/* Begin PBXGroup section */
		1AB5FBC01A9C360A000224BB = {
			isa = PBXGroup;
			children = (
				1AB5FBCB1A9C360A000224BB /* Whiteboard */,
				1AB5FBE11A9C360A000224BB /* WhiteboardTests */,
				1AB5FBCA1A9C360A000224BB /* Products */,
			);
			sourceTree = "<group>";
		};
		1AB5FBCA1A9C360A000224BB /* Products */ = {
			isa = PBXGroup;
			children = (
				1AB5FBC91A9C360A000224BB /* Whiteboard.app */,
				1AB5FBDE1A9C360A000224BB /* WhiteboardTests.xctest */,
			);
			name = Products;
			sourceTree = "<group>";
		};
		1AB5FBCB1A9C360A000224BB /* Whiteboard */ = {
			isa = PBXGroup;
			children = (
				1AB5FBCE1A9C360A000224BB /* AppDelegate.swift */,
				1AB5FBD01A9C360A000224BB /* ViewController.swift */,
				1AB5FBD21A9C360A000224BB /* Main.storyboard */,
				1AB5FBD51A9C360A000224BB /* Images.xcassets */,
				1AB5FBD71A9C360A000224BB /* LaunchScreen.xib */,
				1AB5FBCC1A9C360A000224BB /* Supporting Files */,
			);
			path = Whiteboard;
			sourceTree = "<group>";
		};
		1AB5FBCC1A9C360A000224BB /* Supporting Files */ = {
			isa = PBXGroup;
			children = (
				1AB5FBCD1A9C360A000224BB /* Info.plist */,
			);
			name = "Supporting Files";
			sourceTree = "<group>";
		};
		1AB5FBE11A9C360A000224BB /* WhiteboardTests */ = {
			isa = PBXGroup;
			children = (
				1AB5FBE41A9C360A000224BB /* WhiteboardTests.swift */,
				1AB5FBE21A9C360A000224BB /* Supporting Files */,
			);
			path = WhiteboardTests;
			sourceTree = "<group>";
		};
		1AB5FBE21A9C360A000224BB /* Supporting Files */ = {
			isa = PBXGroup;
			children = (
				1AB5FBE31A9C360A000224BB /* Info.plist */,
			);
			name = "Supporting Files";
			sourceTree = "<group>";
		};
/* End PBXGroup section */

/* Begin PBXNativeTarget section */
		1AB5FBC81A9C360A000224BB /* Whiteboard */ = {
			isa = PBXNativeTarget;
			buildConfigurationList = 1AB5FBE81A9C360A000224BB /* Build configuration list for PBXNativeTarget "Whiteboard" */;
			buildPhases = (
				1AB5FBC51A9C360A000224BB /* Sources */,
				1AB5FBC61A9C360A000224BB /* Frameworks */,
				1AB5FBC71A9C360A000224BB /* Resources */,
			);
			buildRules = (
			);
			dependencies = (
			);
			name = Whiteboard;
			productName = Whiteboard;
			productReference = 1AB5FBC91A9C360A000224BB /* Whiteboard.app */;
			productType = "com.apple.product-type.application";
		};
		1AB5FBDD1A9C360A000224BB /* WhiteboardTests */ = {
			isa = PBXNativeTarget;
			buildConfigurationList = 1AB5FBEB1A9C360A000224BB /* Build configuration list for PBXNativeTarget "WhiteboardTests" */;
			buildPhases = (
				1AB5FBDA1A9C360A000224BB /* Sources */,
				1AB5FBDB1A9C360A000224BB /* Frameworks */,
				1AB5FBDC1A9C360A000224BB /* Resources */,
			);
			buildRules = (
			);
			dependencies = (
				1AB5FBE01A9C360A000224BB /* PBXTargetDependency */,
			);
			name = WhiteboardTests;
			productName = WhiteboardTests;
			productReference = 1AB5FBDE1A9C360A000224BB /* WhiteboardTests.xctest */;
			productType = "com.apple.product-type.bundle.unit-test";
		};
/* End PBXNativeTarget section */

/* Begin PBXProject section */
		1AB5FBC11A9C360A000224BB /* Project object */ = {
			isa = PBXProject;
			attributes = {
				LastUpgradeCheck = 0610;
				ORGANIZATIONNAME = "Chiubaka Studios";
				TargetAttributes = {
					1AB5FBC81A9C360A000224BB = {
						CreatedOnToolsVersion = 6.1.1;
					};
					1AB5FBDD1A9C360A000224BB = {
						CreatedOnToolsVersion = 6.1.1;
						TestTargetID = 1AB5FBC81A9C360A000224BB;
					};
				};
			};
			buildConfigurationList = 1AB5FBC41A9C360A000224BB /* Build configuration list for PBXProject "Whiteboard" */;
			compatibilityVersion = "Xcode 3.2";
			developmentRegion = English;
			hasScannedForEncodings = 0;
			knownRegions = (
				en,
				Base,
			);
			mainGroup = 1AB5FBC01A9C360A000224BB;
			productRefGroup = 1AB5FBCA1A9C360A000224BB /* Products */;
			projectDirPath = "";
			projectRoot = "";
			targets = (
				1AB5FBC81A9C360A000224BB /* Whiteboard */,
				1AB5FBDD1A9C360A000224BB /* WhiteboardTests */,
			);
		};
/* End PBXProject section */

/* Begin PBXResourcesBuildPhase section */
		1AB5FBC71A9C360A000224BB /* Resources */ = {
			isa = PBXResourcesBuildPhase;
			buildActionMask = 2147483647;
			files = (
				1AB5FBD41A9C360A000224BB /* Main.storyboard in Resources */,
				1AB5FBD91A9C360A000224BB /* LaunchScreen.xib in Resources */,
				1AB5FBD61A9C360A000224BB /* Images.xcassets in Resources */,
			);
			runOnlyForDeploymentPostprocessing = 0;
		};
		1AB5FBDC1A9C360A000224BB /* Resources */ = {
			isa = PBXResourcesBuildPhase;
			buildActionMask = 2147483647;
			files = (
			);
			runOnlyForDeploymentPostprocessing = 0;
		};
/* End PBXResourcesBuildPhase section */

/* Begin PBXSourcesBuildPhase section */
		1AB5FBC51A9C360A000224BB /* Sources */ = {
			isa = PBXSourcesBuildPhase;
			buildActionMask = 2147483647;
			files = (
				1AB5FBD11A9C360A000224BB /* ViewController.swift in Sources */,
				1AB5FBCF1A9C360A000224BB /* AppDelegate.swift in Sources */,
			);
			runOnlyForDeploymentPostprocessing = 0;
		};
		1AB5FBDA1A9C360A000224BB /* Sources */ = {
			isa = PBXSourcesBuildPhase;
			buildActionMask = 2147483647;
			files = (
				1AB5FBE51A9C360A000224BB /* WhiteboardTests.swift in Sources */,
			);
			runOnlyForDeploymentPostprocessing = 0;
		};
/* End PBXSourcesBuildPhase section */

/* Begin PBXTargetDependency section */
		1AB5FBE01A9C360A000224BB /* PBXTargetDependency */ = {
			isa = PBXTargetDependency;
			target = 1AB5FBC81A9C360A000224BB /* Whiteboard */;
			targetProxy = 1AB5FBDF1A9C360A000224BB /* PBXContainerItemProxy */;
		};
/* End PBXTargetDependency section */

/* Begin PBXVariantGroup section */
		1AB5FBD21A9C360A000224BB /* Main.storyboard */ = {
			isa = PBXVariantGroup;
			children = (
				1AB5FBD31A9C360A000224BB /* Base */,
			);
			name = Main.storyboard;
			sourceTree = "<group>";
		};
		1AB5FBD71A9C360A000224BB /* LaunchScreen.xib */ = {
			isa = PBXVariantGroup;
			children = (
				1AB5FBD81A9C360A000224BB /* Base */,
			);
			name = LaunchScreen.xib;
			sourceTree = "<group>";
		};
/* End PBXVariantGroup section */

/* Begin XCBuildConfiguration section */
		1AB5FBE61A9C360A000224BB /* Debug */ = {
			isa = XCBuildConfiguration;
			buildSettings = {
				ALWAYS_SEARCH_USER_PATHS = NO;
				CLANG_CXX_LANGUAGE_STANDARD = "gnu++0x";
				CLANG_CXX_LIBRARY = "libc++";
				CLANG_ENABLE_MODULES = YES;
				CLANG_ENABLE_OBJC_ARC = YES;
				CLANG_WARN_BOOL_CONVERSION = YES;
				CLANG_WARN_CONSTANT_CONVERSION = YES;
				CLANG_WARN_DIRECT_OBJC_ISA_USAGE = YES_ERROR;
				CLANG_WARN_EMPTY_BODY = YES;
				CLANG_WARN_ENUM_CONVERSION = YES;
				CLANG_WARN_INT_CONVERSION = YES;
				CLANG_WARN_OBJC_ROOT_CLASS = YES_ERROR;
				CLANG_WARN_UNREACHABLE_CODE = YES;
				CLANG_WARN__DUPLICATE_METHOD_MATCH = YES;
				"CODE_SIGN_IDENTITY[sdk=iphoneos*]" = "iPhone Developer";
				COPY_PHASE_STRIP = NO;
				ENABLE_STRICT_OBJC_MSGSEND = YES;
				GCC_C_LANGUAGE_STANDARD = gnu99;
				GCC_DYNAMIC_NO_PIC = NO;
				GCC_OPTIMIZATION_LEVEL = 0;
				GCC_PREPROCESSOR_DEFINITIONS = (
					"DEBUG=1",
					"$(inherited)",
				);
				GCC_SYMBOLS_PRIVATE_EXTERN = NO;
				GCC_WARN_64_TO_32_BIT_CONVERSION = YES;
				GCC_WARN_ABOUT_RETURN_TYPE = YES_ERROR;
				GCC_WARN_UNDECLARED_SELECTOR = YES;
				GCC_WARN_UNINITIALIZED_AUTOS = YES_AGGRESSIVE;
				GCC_WARN_UNUSED_FUNCTION = YES;
				GCC_WARN_UNUSED_VARIABLE = YES;
				IPHONEOS_DEPLOYMENT_TARGET = 8.1;
				MTL_ENABLE_DEBUG_INFO = YES;
				ONLY_ACTIVE_ARCH = YES;
				SDKROOT = iphoneos;
				SWIFT_OPTIMIZATION_LEVEL = "-Onone";
				TARGETED_DEVICE_FAMILY = "1,2";
			};
			name = Debug;
		};
		1AB5FBE71A9C360A000224BB /* Release */ = {
			isa = XCBuildConfiguration;
			buildSettings = {
				ALWAYS_SEARCH_USER_PATHS = NO;
				CLANG_CXX_LANGUAGE_STANDARD = "gnu++0x";
				CLANG_CXX_LIBRARY = "libc++";
				CLANG_ENABLE_MODULES = YES;
				CLANG_ENABLE_OBJC_ARC = YES;
				CLANG_WARN_BOOL_CONVERSION = YES;
				CLANG_WARN_CONSTANT_CONVERSION = YES;
				CLANG_WARN_DIRECT_OBJC_ISA_USAGE = YES_ERROR;
				CLANG_WARN_EMPTY_BODY = YES;
				CLANG_WARN_ENUM_CONVERSION = YES;
				CLANG_WARN_INT_CONVERSION = YES;
				CLANG_WARN_OBJC_ROOT_CLASS = YES_ERROR;
				CLANG_WARN_UNREACHABLE_CODE = YES;
				CLANG_WARN__DUPLICATE_METHOD_MATCH = YES;
				"CODE_SIGN_IDENTITY[sdk=iphoneos*]" = "iPhone Developer";
				COPY_PHASE_STRIP = YES;
				ENABLE_NS_ASSERTIONS = NO;
				ENABLE_STRICT_OBJC_MSGSEND = YES;
				GCC_C_LANGUAGE_STANDARD = gnu99;
				GCC_WARN_64_TO_32_BIT_CONVERSION = YES;
				GCC_WARN_ABOUT_RETURN_TYPE = YES_ERROR;
				GCC_WARN_UNDECLARED_SELECTOR = YES;
				GCC_WARN_UNINITIALIZED_AUTOS = YES_AGGRESSIVE;
				GCC_WARN_UNUSED_FUNCTION = YES;
				GCC_WARN_UNUSED_VARIABLE = YES;
				IPHONEOS_DEPLOYMENT_TARGET = 8.1;
				MTL_ENABLE_DEBUG_INFO = NO;
				SDKROOT = iphoneos;
				TARGETED_DEVICE_FAMILY = "1,2";
				VALIDATE_PRODUCT = YES;
			};
			name = Release;
		};
		1AB5FBE91A9C360A000224BB /* Debug */ = {
			isa = XCBuildConfiguration;
			buildSettings = {
				ASSETCATALOG_COMPILER_APPICON_NAME = AppIcon;
				INFOPLIST_FILE = Whiteboard/Info.plist;
				LD_RUNPATH_SEARCH_PATHS = "$(inherited) @executable_path/Frameworks";
				PRODUCT_NAME = "$(TARGET_NAME)";
			};
			name = Debug;
		};
		1AB5FBEA1A9C360A000224BB /* Release */ = {
			isa = XCBuildConfiguration;
			buildSettings = {
				ASSETCATALOG_COMPILER_APPICON_NAME = AppIcon;
				INFOPLIST_FILE = Whiteboard/Info.plist;
				LD_RUNPATH_SEARCH_PATHS = "$(inherited) @executable_path/Frameworks";
				PRODUCT_NAME = "$(TARGET_NAME)";
			};
			name = Release;
		};
		1AB5FBEC1A9C360A000224BB /* Debug */ = {
			isa = XCBuildConfiguration;
			buildSettings = {
				BUNDLE_LOADER = "$(TEST_HOST)";
				FRAMEWORK_SEARCH_PATHS = (
					"$(SDKROOT)/Developer/Library/Frameworks",
					"$(inherited)",
				);
				GCC_PREPROCESSOR_DEFINITIONS = (
					"DEBUG=1",
					"$(inherited)",
				);
				INFOPLIST_FILE = WhiteboardTests/Info.plist;
				LD_RUNPATH_SEARCH_PATHS = "$(inherited) @executable_path/Frameworks @loader_path/Frameworks";
				PRODUCT_NAME = "$(TARGET_NAME)";
				TEST_HOST = "$(BUILT_PRODUCTS_DIR)/Whiteboard.app/Whiteboard";
			};
			name = Debug;
		};
		1AB5FBED1A9C360A000224BB /* Release */ = {
			isa = XCBuildConfiguration;
			buildSettings = {
				BUNDLE_LOADER = "$(TEST_HOST)";
				FRAMEWORK_SEARCH_PATHS = (
					"$(SDKROOT)/Developer/Library/Frameworks",
					"$(inherited)",
				);
				INFOPLIST_FILE = WhiteboardTests/Info.plist;
				LD_RUNPATH_SEARCH_PATHS = "$(inherited) @executable_path/Frameworks @loader_path/Frameworks";
				PRODUCT_NAME = "$(TARGET_NAME)";
				TEST_HOST = "$(BUILT_PRODUCTS_DIR)/Whiteboard.app/Whiteboard";
			};
			name = Release;
		};
/* End XCBuildConfiguration section */

/* Begin XCConfigurationList section */
		1AB5FBC41A9C360A000224BB /* Build configuration list for PBXProject "Whiteboard" */ = {
			isa = XCConfigurationList;
			buildConfigurations = (
				1AB5FBE61A9C360A000224BB /* Debug */,
				1AB5FBE71A9C360A000224BB /* Release */,
			);
			defaultConfigurationIsVisible = 0;
			defaultConfigurationName = Release;
		};
		1AB5FBE81A9C360A000224BB /* Build configuration list for PBXNativeTarget "Whiteboard" */ = {
			isa = XCConfigurationList;
			buildConfigurations = (
				1AB5FBE91A9C360A000224BB /* Debug */,
				1AB5FBEA1A9C360A000224BB /* Release */,
			);
			defaultConfigurationIsVisible = 0;
		};
		1AB5FBEB1A9C360A000224BB /* Build configuration list for PBXNativeTarget "WhiteboardTests" */ = {
			isa = XCConfigurationList;
			buildConfigurations = (
				1AB5FBEC1A9C360A000224BB /* Debug */,
				1AB5FBED1A9C360A000224BB /* Release */,
			);
			defaultConfigurationIsVisible = 0;
		};
/* End XCConfigurationList section */
	};
	rootObject = 1AB5FBC11A9C360A000224BB /* Project object */;
}
